
Microsoft Visual Studio Solution File, Format Version 12.00
# Visual Studio Version 17
VisualStudioVersion = 17.0.31919.166
MinimumVisualStudioVersion = 10.0.40219.1
Project("{2150E333-8FDC-42A3-9474-1A3956D46DE8}") = "src", "src", "{D2012971-32BB-4C5F-BFC4-30A9994AB152}"
	ProjectSection(SolutionItems) = preProject
		src\Directory.Build.props = src\Directory.Build.props
	EndProjectSection
EndProject
Project("{9A19103F-16F7-4668-BE54-9A1E7A4F7556}") = "MongoDB.Bson", "src\MongoDB.Bson\MongoDB.Bson.csproj", "{9FCB42A5-3BC6-492B-8EA0-53EF32E9F8CD}"
EndProject
Project("{9A19103F-16F7-4668-BE54-9A1E7A4F7556}") = "MongoDB.Driver.Core", "src\MongoDB.Driver.Core\MongoDB.Driver.Core.csproj", "{8AEB0131-9029-476A-B0B4-EEF3442C8706}"
EndProject
Project("{9A19103F-16F7-4668-BE54-9A1E7A4F7556}") = "MongoDB.Driver.GridFS", "src\MongoDB.Driver.GridFS\MongoDB.Driver.GridFS.csproj", "{29FB1FD1-3BE0-4E30-BA8D-7964290CAEBA}"
EndProject
Project("{9A19103F-16F7-4668-BE54-9A1E7A4F7556}") = "MongoDB.Driver", "src\MongoDB.Driver\MongoDB.Driver.csproj", "{756980B3-0DCF-42F0-A324-C386B1A3E9F4}"
EndProject
Project("{9A19103F-16F7-4668-BE54-9A1E7A4F7556}") = "MongoDB.Driver.Legacy", "src\MongoDB.Driver.Legacy\MongoDB.Driver.Legacy.csproj", "{23F090B1-88A6-4C07-A0BE-3952B6A16756}"
EndProject
Project("{2150E333-8FDC-42A3-9474-1A3956D46DE8}") = "Solution Items", "Solution Items", "{B071AF36-EED4-4CFF-A006-ECDAD0A87F99}"
	ProjectSection(SolutionItems) = preProject
		.editorconfig = .editorconfig
		MongoDB.ruleset = MongoDB.ruleset
		MongoDBLegacy.ruleset = MongoDBLegacy.ruleset
		MongoDBLegacyTest.ruleset = MongoDBLegacyTest.ruleset
		MongoDBTest.ruleset = MongoDBTest.ruleset
	EndProjectSection
EndProject
Global
	GlobalSection(SolutionConfigurationPlatforms) = preSolution
		Debug|Any CPU = Debug|Any CPU
		Release|Any CPU = Release|Any CPU
	EndGlobalSection
	GlobalSection(ProjectConfigurationPlatforms) = postSolution
		{9FCB42A5-3BC6-492B-8EA0-53EF32E9F8CD}.Debug|Any CPU.ActiveCfg = Debug|Any CPU
		{9FCB42A5-3BC6-492B-8EA0-53EF32E9F8CD}.Debug|Any CPU.Build.0 = Debug|Any CPU
		{9FCB42A5-3BC6-492B-8EA0-53EF32E9F8CD}.Release|Any CPU.ActiveCfg = Release|Any CPU
		{9FCB42A5-3BC6-492B-8EA0-53EF32E9F8CD}.Release|Any CPU.Build.0 = Release|Any CPU
		{8AEB0131-9029-476A-B0B4-EEF3442C8706}.Debug|Any CPU.ActiveCfg = Debug|Any CPU
		{8AEB0131-9029-476A-B0B4-EEF3442C8706}.Debug|Any CPU.Build.0 = Debug|Any CPU
		{8AEB0131-9029-476A-B0B4-EEF3442C8706}.Release|Any CPU.ActiveCfg = Release|Any CPU
		{8AEB0131-9029-476A-B0B4-EEF3442C8706}.Release|Any CPU.Build.0 = Release|Any CPU
		{29FB1FD1-3BE0-4E30-BA8D-7964290CAEBA}.Debug|Any CPU.ActiveCfg = Debug|Any CPU
		{29FB1FD1-3BE0-4E30-BA8D-7964290CAEBA}.Debug|Any CPU.Build.0 = Debug|Any CPU
		{29FB1FD1-3BE0-4E30-BA8D-7964290CAEBA}.Release|Any CPU.ActiveCfg = Release|Any CPU
		{29FB1FD1-3BE0-4E30-BA8D-7964290CAEBA}.Release|Any CPU.Build.0 = Release|Any CPU
		{756980B3-0DCF-42F0-A324-C386B1A3E9F4}.Debug|Any CPU.ActiveCfg = Debug|Any CPU
		{756980B3-0DCF-42F0-A324-C386B1A3E9F4}.Debug|Any CPU.Build.0 = Debug|Any CPU
		{756980B3-0DCF-42F0-A324-C386B1A3E9F4}.Release|Any CPU.ActiveCfg = Release|Any CPU
		{756980B3-0DCF-42F0-A324-C386B1A3E9F4}.Release|Any CPU.Build.0 = Release|Any CPU
		{23F090B1-88A6-4C07-A0BE-3952B6A16756}.Debug|Any CPU.ActiveCfg = Debug|Any CPU
		{23F090B1-88A6-4C07-A0BE-3952B6A16756}.Debug|Any CPU.Build.0 = Debug|Any CPU
		{23F090B1-88A6-4C07-A0BE-3952B6A16756}.Release|Any CPU.ActiveCfg = Release|Any CPU
		{23F090B1-88A6-4C07-A0BE-3952B6A16756}.Release|Any CPU.Build.0 = Release|Any CPU
	EndGlobalSection
	GlobalSection(SolutionProperties) = preSolution
		HideSolutionNode = FALSE
	EndGlobalSection
	GlobalSection(NestedProjects) = preSolution
		{9FCB42A5-3BC6-492B-8EA0-53EF32E9F8CD} = {D2012971-32BB-4C5F-BFC4-30A9994AB152}
		{8AEB0131-9029-476A-B0B4-EEF3442C8706} = {D2012971-32BB-4C5F-BFC4-30A9994AB152}
		{29FB1FD1-3BE0-4E30-BA8D-7964290CAEBA} = {D2012971-32BB-4C5F-BFC4-30A9994AB152}
		{756980B3-0DCF-42F0-A324-C386B1A3E9F4} = {D2012971-32BB-4C5F-BFC4-30A9994AB152}
		{23F090B1-88A6-4C07-A0BE-3952B6A16756} = {D2012971-32BB-4C5F-BFC4-30A9994AB152}
	EndGlobalSection
	GlobalSection(ExtensibilityGlobals) = postSolution
		SolutionGuid = {24BEC44B-92B0-43AA-9B15-163459D0C098}
	EndGlobalSection
EndGlobal
